
Microsoft Visual Studio Solution File, Format Version 12.00
Project("{FAE04EC0-301F-11D3-BF4B-00C04F79EFBC}") = "Dotnet.API", "Dotnet.API\Dotnet.API.csproj", "{55C9E4E0-3C95-4D2E-9E24-76D51BD1543B}"
EndProject
Project("{FAE04EC0-301F-11D3-BF4B-00C04F79EFBC}") = "Dotnet.core", "Dotnet.core\Dotnet.core.csproj", "{BAD55821-F0D3-4157-8925-358E16931F65}"
EndProject
Project("{FAE04EC0-301F-11D3-BF4B-00C04F79EFBC}") = "Dotnet.Services", "Dotnet.Services\Dotnet.Services.csproj", "{B5DFB9EC-FDF4-4EC5-9EC2-E334CF521468}"
EndProject
Project("{FAE04EC0-301F-11D3-BF4B-00C04F79EFBC}") = "Dotnet.Infrastructure", "Dotnet.Infrastructure\Dotnet.Infrastructure.csproj", "{A0BD90BC-010D-4C0C-A0E5-6FDA6944FE63}"
EndProject
Global
	GlobalSection(SolutionConfigurationPlatforms) = preSolution
		Debug|Any CPU = Debug|Any CPU
		Release|Any CPU = Release|Any CPU
	EndGlobalSection
	GlobalSection(ProjectConfigurationPlatforms) = postSolution
		{55C9E4E0-3C95-4D2E-9E24-76D51BD1543B}.Debug|Any CPU.ActiveCfg = Debug|Any CPU
		{55C9E4E0-3C95-4D2E-9E24-76D51BD1543B}.Debug|Any CPU.Build.0 = Debug|Any CPU
		{55C9E4E0-3C95-4D2E-9E24-76D51BD1543B}.Release|Any CPU.ActiveCfg = Release|Any CPU
		{55C9E4E0-3C95-4D2E-9E24-76D51BD1543B}.Release|Any CPU.Build.0 = Release|Any CPU
		{BAD55821-F0D3-4157-8925-358E16931F65}.Debug|Any CPU.ActiveCfg = Debug|Any CPU
		{BAD55821-F0D3-4157-8925-358E16931F65}.Debug|Any CPU.Build.0 = Debug|Any CPU
		{BAD55821-F0D3-4157-8925-358E16931F65}.Release|Any CPU.ActiveCfg = Release|Any CPU
		{BAD55821-F0D3-4157-8925-358E16931F65}.Release|Any CPU.Build.0 = Release|Any CPU
		{B5DFB9EC-FDF4-4EC5-9EC2-E334CF521468}.Debug|Any CPU.ActiveCfg = Debug|Any CPU
		{B5DFB9EC-FDF4-4EC5-9EC2-E334CF521468}.Debug|Any CPU.Build.0 = Debug|Any CPU
		{B5DFB9EC-FDF4-4EC5-9EC2-E334CF521468}.Release|Any CPU.ActiveCfg = Release|Any CPU
		{B5DFB9EC-FDF4-4EC5-9EC2-E334CF521468}.Release|Any CPU.Build.0 = Release|Any CPU
		{A0BD90BC-010D-4C0C-A0E5-6FDA6944FE63}.Debug|Any CPU.ActiveCfg = Debug|Any CPU
		{A0BD90BC-010D-4C0C-A0E5-6FDA6944FE63}.Debug|Any CPU.Build.0 = Debug|Any CPU
		{A0BD90BC-010D-4C0C-A0E5-6FDA6944FE63}.Release|Any CPU.ActiveCfg = Release|Any CPU
		{A0BD90BC-010D-4C0C-A0E5-6FDA6944FE63}.Release|Any CPU.Build.0 = Release|Any CPU
	EndGlobalSection
EndGlobal
